
Microsoft Visual Studio Solution File, Format Version 12.00
Project("{FAE04EC0-301F-11D3-BF4B-00C04F79EFBC}") = "WebScrapper.App", "WebScrapper.App\WebScrapper.App.csproj", "{92AE1DCF-BBE1-4B8E-A5DA-3CB0503BD848}"
EndProject
Global
	GlobalSection(SolutionConfigurationPlatforms) = preSolution
		Debug|Any CPU = Debug|Any CPU
		Release|Any CPU = Release|Any CPU
	EndGlobalSection
	GlobalSection(ProjectConfigurationPlatforms) = postSolution
		{92AE1DCF-BBE1-4B8E-A5DA-3CB0503BD848}.Debug|Any CPU.ActiveCfg = Debug|Any CPU
		{92AE1DCF-BBE1-4B8E-A5DA-3CB0503BD848}.Debug|Any CPU.Build.0 = Debug|Any CPU
		{92AE1DCF-BBE1-4B8E-A5DA-3CB0503BD848}.Release|Any CPU.ActiveCfg = Release|Any CPU
		{92AE1DCF-BBE1-4B8E-A5DA-3CB0503BD848}.Release|Any CPU.Build.0 = Release|Any CPU
	EndGlobalSection
EndGlobal
